
Microsoft Visual Studio Solution File, Format Version 12.00
# Visual Studio 15
VisualStudioVersion = 15.0.26124.0
MinimumVisualStudioVersion = 15.0.26124.0
Project("{9A19103F-16F7-4668-BE54-9A1E7A4F7556}") = "R5T.Clifden.Types.Construction", "R5T.Clifden.Types.Construction\R5T.Clifden.Types.Construction.csproj", "{6BAC5CFF-1A85-4A1E-938C-2B5A5D046518}"
EndProject
Project("{9A19103F-16F7-4668-BE54-9A1E7A4F7556}") = "R5T.Clifden.Types", "R5T.Clifden.Types\R5T.Clifden.Types.csproj", "{B7B77703-4789-4504-BADF-CE38B90EB44B}"
EndProject
Project("{2150E333-8FDC-42A3-9474-1A3956D46DE8}") = "_Dependencies", "_Dependencies", "{05371B02-CE46-494C-89EE-34F2786B3075}"
EndProject
Project("{9A19103F-16F7-4668-BE54-9A1E7A4F7556}") = "R5T.York.Standard", "..\..\R5T.York.Standard\source\R5T.York.Standard\R5T.York.Standard.csproj", "{A5973DA7-E984-40DA-8884-7B9F589797FD}"
EndProject
Project("{9A19103F-16F7-4668-BE54-9A1E7A4F7556}") = "R5T.Norwich.Standard", "..\..\R5T.Norwich.Standard\source\R5T.Norwich.Standard\R5T.Norwich.Standard.csproj", "{15841A15-A8FB-4657-9D47-B014D9135750}"
EndProject
Project("{9A19103F-16F7-4668-BE54-9A1E7A4F7556}") = "R5T.York.Newport", "..\..\R5T.York.Newport\source\R5T.York.Newport\R5T.York.Newport.csproj", "{1153C676-EF21-4FE7-87C6-7E3695222B04}"
EndProject
Project("{9A19103F-16F7-4668-BE54-9A1E7A4F7556}") = "R5T.Newport.Extensions", "..\..\R5T.Newport.Extensions\source\R5T.Newport.Extensions\R5T.Newport.Extensions.csproj", "{43875372-EF26-4875-B810-EF8C92C4D341}"
EndProject
Project("{9A19103F-16F7-4668-BE54-9A1E7A4F7556}") = "R5T.Magyar", "..\..\R5T.Magyar\source\R5T.Magyar\R5T.Magyar.csproj", "{8DA37701-B7AC-48EA-B2E6-48A30C25582A}"
EndProject
Project("{9A19103F-16F7-4668-BE54-9A1E7A4F7556}") = "R5T.Newport", "..\..\R5T.Newport\source\R5T.Newport\R5T.Newport.csproj", "{9ADBECF9-5427-42EA-9C24-22606644CEBB}"
EndProject
Project("{9A19103F-16F7-4668-BE54-9A1E7A4F7556}") = "R5T.York.Base", "..\..\R5T.York.Base\source\R5T.York.Base\R5T.York.Base.csproj", "{71E7E7BE-6EED-4B7A-A639-41FE979CCCBC}"
EndProject
Project("{9A19103F-16F7-4668-BE54-9A1E7A4F7556}") = "R5T.Norwich.Newport", "..\..\R5T.Norwich.Newport\source\R5T.Norwich.Newport\R5T.Norwich.Newport.csproj", "{155EF4F3-149D-4003-9429-EDE877AA3B9B}"
EndProject
Project("{9A19103F-16F7-4668-BE54-9A1E7A4F7556}") = "R5T.Norwich.Base", "..\..\R5T.Norwich.Base\source\R5T.Norwich.Base\R5T.Norwich.Base.csproj", "{FBA0B7BC-98C8-4699-862F-3C66015D6DE9}"
EndProject
Project("{9A19103F-16F7-4668-BE54-9A1E7A4F7556}") = "R5T.Dacia", "..\..\R5T.Dacia\source\R5T.Dacia\R5T.Dacia.csproj", "{B61CAD40-BB00-473A-B18B-56EFC445DEDA}"
EndProject
Project("{9A19103F-16F7-4668-BE54-9A1E7A4F7556}") = "R5T.Lombardy", "..\..\R5T.Lombardy\source\R5T.Lombardy\R5T.Lombardy.csproj", "{A51E253B-7BED-4123-A18F-D1D807B2BFC7}"
EndProject
Project("{9A19103F-16F7-4668-BE54-9A1E7A4F7556}") = "R5T.Cherusci", "..\..\R5T.Cherusci\source\R5T.Cherusci\R5T.Cherusci.csproj", "{540F57BB-F8EA-473D-B2A2-689BCFE1E840}"
EndProject
Project("{9A19103F-16F7-4668-BE54-9A1E7A4F7556}") = "R5T.Lombardy.Base", "..\..\R5T.Lombardy.Base\source\R5T.Lombardy.Base\R5T.Lombardy.Base.csproj", "{0401735B-B18F-4F85-B94D-31FA4FFB41DB}"
EndProject
Project("{9A19103F-16F7-4668-BE54-9A1E7A4F7556}") = "R5T.Rugia", "..\..\R5T.Rugia\source\R5T.Rugia\R5T.Rugia.csproj", "{7B546458-70A7-467B-8645-DFF8214AA37F}"
EndProject
Project("{9A19103F-16F7-4668-BE54-9A1E7A4F7556}") = "R5T.Rugia.Base", "..\..\R5T.Rugia.Base\source\R5T.Rugia.Base\R5T.Rugia.Base.csproj", "{12EFE4AF-0343-47A6-9894-437382BB65D4}"
EndProject
Project("{9A19103F-16F7-4668-BE54-9A1E7A4F7556}") = "R5T.Thessaloniki.Default", "..\..\R5T.Thessaloniki.Default\source\R5T.Thessaloniki.Default\R5T.Thessaloniki.Default.csproj", "{C54E2F36-F1C1-4E73-BF30-07DD4299BD54}"
EndProject
Project("{9A19103F-16F7-4668-BE54-9A1E7A4F7556}") = "R5T.Thessaloniki.Base", "..\..\R5T.Thessaloniki.Base\source\R5T.Thessaloniki.Base\R5T.Thessaloniki.Base.csproj", "{06D65C12-A17A-407B-8B97-B45F203E71C9}"
EndProject
Global
	GlobalSection(SolutionConfigurationPlatforms) = preSolution
		Debug|Any CPU = Debug|Any CPU
		Debug|x64 = Debug|x64
		Debug|x86 = Debug|x86
		Release|Any CPU = Release|Any CPU
		Release|x64 = Release|x64
		Release|x86 = Release|x86
	EndGlobalSection
	GlobalSection(ProjectConfigurationPlatforms) = postSolution
		{6BAC5CFF-1A85-4A1E-938C-2B5A5D046518}.Debug|Any CPU.ActiveCfg = Debug|Any CPU
		{6BAC5CFF-1A85-4A1E-938C-2B5A5D046518}.Debug|Any CPU.Build.0 = Debug|Any CPU
		{6BAC5CFF-1A85-4A1E-938C-2B5A5D046518}.Debug|x64.ActiveCfg = Debug|Any CPU
		{6BAC5CFF-1A85-4A1E-938C-2B5A5D046518}.Debug|x64.Build.0 = Debug|Any CPU
		{6BAC5CFF-1A85-4A1E-938C-2B5A5D046518}.Debug|x86.ActiveCfg = Debug|Any CPU
		{6BAC5CFF-1A85-4A1E-938C-2B5A5D046518}.Debug|x86.Build.0 = Debug|Any CPU
		{6BAC5CFF-1A85-4A1E-938C-2B5A5D046518}.Release|Any CPU.ActiveCfg = Release|Any CPU
		{6BAC5CFF-1A85-4A1E-938C-2B5A5D046518}.Release|Any CPU.Build.0 = Release|Any CPU
		{6BAC5CFF-1A85-4A1E-938C-2B5A5D046518}.Release|x64.ActiveCfg = Release|Any CPU
		{6BAC5CFF-1A85-4A1E-938C-2B5A5D046518}.Release|x64.Build.0 = Release|Any CPU
		{6BAC5CFF-1A85-4A1E-938C-2B5A5D046518}.Release|x86.ActiveCfg = Release|Any CPU
		{6BAC5CFF-1A85-4A1E-938C-2B5A5D046518}.Release|x86.Build.0 = Release|Any CPU
		{B7B77703-4789-4504-BADF-CE38B90EB44B}.Debug|Any CPU.ActiveCfg = Debug|Any CPU
		{B7B77703-4789-4504-BADF-CE38B90EB44B}.Debug|Any CPU.Build.0 = Debug|Any CPU
		{B7B77703-4789-4504-BADF-CE38B90EB44B}.Debug|x64.ActiveCfg = Debug|Any CPU
		{B7B77703-4789-4504-BADF-CE38B90EB44B}.Debug|x64.Build.0 = Debug|Any CPU
		{B7B77703-4789-4504-BADF-CE38B90EB44B}.Debug|x86.ActiveCfg = Debug|Any CPU
		{B7B77703-4789-4504-BADF-CE38B90EB44B}.Debug|x86.Build.0 = Debug|Any CPU
		{B7B77703-4789-4504-BADF-CE38B90EB44B}.Release|Any CPU.ActiveCfg = Release|Any CPU
		{B7B77703-4789-4504-BADF-CE38B90EB44B}.Release|Any CPU.Build.0 = Release|Any CPU
		{B7B77703-4789-4504-BADF-CE38B90EB44B}.Release|x64.ActiveCfg = Release|Any CPU
		{B7B77703-4789-4504-BADF-CE38B90EB44B}.Release|x64.Build.0 = Release|Any CPU
		{B7B77703-4789-4504-BADF-CE38B90EB44B}.Release|x86.ActiveCfg = Release|Any CPU
		{B7B77703-4789-4504-BADF-CE38B90EB44B}.Release|x86.Build.0 = Release|Any CPU
		{A5973DA7-E984-40DA-8884-7B9F589797FD}.Debug|Any CPU.ActiveCfg = Debug|Any CPU
		{A5973DA7-E984-40DA-8884-7B9F589797FD}.Debug|Any CPU.Build.0 = Debug|Any CPU
		{A5973DA7-E984-40DA-8884-7B9F589797FD}.Debug|x64.ActiveCfg = Debug|Any CPU
		{A5973DA7-E984-40DA-8884-7B9F589797FD}.Debug|x64.Build.0 = Debug|Any CPU
		{A5973DA7-E984-40DA-8884-7B9F589797FD}.Debug|x86.ActiveCfg = Debug|Any CPU
		{A5973DA7-E984-40DA-8884-7B9F589797FD}.Debug|x86.Build.0 = Debug|Any CPU
		{A5973DA7-E984-40DA-8884-7B9F589797FD}.Release|Any CPU.ActiveCfg = Release|Any CPU
		{A5973DA7-E984-40DA-8884-7B9F589797FD}.Release|Any CPU.Build.0 = Release|Any CPU
		{A5973DA7-E984-40DA-8884-7B9F589797FD}.Release|x64.ActiveCfg = Release|Any CPU
		{A5973DA7-E984-40DA-8884-7B9F589797FD}.Release|x64.Build.0 = Release|Any CPU
		{A5973DA7-E984-40DA-8884-7B9F589797FD}.Release|x86.ActiveCfg = Release|Any CPU
		{A5973DA7-E984-40DA-8884-7B9F589797FD}.Release|x86.Build.0 = Release|Any CPU
		{15841A15-A8FB-4657-9D47-B014D9135750}.Debug|Any CPU.ActiveCfg = Debug|Any CPU
		{15841A15-A8FB-4657-9D47-B014D9135750}.Debug|Any CPU.Build.0 = Debug|Any CPU
		{15841A15-A8FB-4657-9D47-B014D9135750}.Debug|x64.ActiveCfg = Debug|Any CPU
		{15841A15-A8FB-4657-9D47-B014D9135750}.Debug|x64.Build.0 = Debug|Any CPU
		{15841A15-A8FB-4657-9D47-B014D9135750}.Debug|x86.ActiveCfg = Debug|Any CPU
		{15841A15-A8FB-4657-9D47-B014D9135750}.Debug|x86.Build.0 = Debug|Any CPU
		{15841A15-A8FB-4657-9D47-B014D9135750}.Release|Any CPU.ActiveCfg = Release|Any CPU
		{15841A15-A8FB-4657-9D47-B014D9135750}.Release|Any CPU.Build.0 = Release|Any CPU
		{15841A15-A8FB-4657-9D47-B014D9135750}.Release|x64.ActiveCfg = Release|Any CPU
		{15841A15-A8FB-4657-9D47-B014D9135750}.Release|x64.Build.0 = Release|Any CPU
		{15841A15-A8FB-4657-9D47-B014D9135750}.Release|x86.ActiveCfg = Release|Any CPU
		{15841A15-A8FB-4657-9D47-B014D9135750}.Release|x86.Build.0 = Release|Any CPU
		{1153C676-EF21-4FE7-87C6-7E3695222B04}.Debug|Any CPU.ActiveCfg = Debug|Any CPU
		{1153C676-EF21-4FE7-87C6-7E3695222B04}.Debug|Any CPU.Build.0 = Debug|Any CPU
		{1153C676-EF21-4FE7-87C6-7E3695222B04}.Debug|x64.ActiveCfg = Debug|Any CPU
		{1153C676-EF21-4FE7-87C6-7E3695222B04}.Debug|x64.Build.0 = Debug|Any CPU
		{1153C676-EF21-4FE7-87C6-7E3695222B04}.Debug|x86.ActiveCfg = Debug|Any CPU
		{1153C676-EF21-4FE7-87C6-7E3695222B04}.Debug|x86.Build.0 = Debug|Any CPU
		{1153C676-EF21-4FE7-87C6-7E3695222B04}.Release|Any CPU.ActiveCfg = Release|Any CPU
		{1153C676-EF21-4FE7-87C6-7E3695222B04}.Release|Any CPU.Build.0 = Release|Any CPU
		{1153C676-EF21-4FE7-87C6-7E3695222B04}.Release|x64.ActiveCfg = Release|Any CPU
		{1153C676-EF21-4FE7-87C6-7E3695222B04}.Release|x64.Build.0 = Release|Any CPU
		{1153C676-EF21-4FE7-87C6-7E3695222B04}.Release|x86.ActiveCfg = Release|Any CPU
		{1153C676-EF21-4FE7-87C6-7E3695222B04}.Release|x86.Build.0 = Release|Any CPU
		{43875372-EF26-4875-B810-EF8C92C4D341}.Debug|Any CPU.ActiveCfg = Debug|Any CPU
		{43875372-EF26-4875-B810-EF8C92C4D341}.Debug|Any CPU.Build.0 = Debug|Any CPU
		{43875372-EF26-4875-B810-EF8C92C4D341}.Debug|x64.ActiveCfg = Debug|Any CPU
		{43875372-EF26-4875-B810-EF8C92C4D341}.Debug|x64.Build.0 = Debug|Any CPU
		{43875372-EF26-4875-B810-EF8C92C4D341}.Debug|x86.ActiveCfg = Debug|Any CPU
		{43875372-EF26-4875-B810-EF8C92C4D341}.Debug|x86.Build.0 = Debug|Any CPU
		{43875372-EF26-4875-B810-EF8C92C4D341}.Release|Any CPU.ActiveCfg = Release|Any CPU
		{43875372-EF26-4875-B810-EF8C92C4D341}.Release|Any CPU.Build.0 = Release|Any CPU
		{43875372-EF26-4875-B810-EF8C92C4D341}.Release|x64.ActiveCfg = Release|Any CPU
		{43875372-EF26-4875-B810-EF8C92C4D341}.Release|x64.Build.0 = Release|Any CPU
		{43875372-EF26-4875-B810-EF8C92C4D341}.Release|x86.ActiveCfg = Release|Any CPU
		{43875372-EF26-4875-B810-EF8C92C4D341}.Release|x86.Build.0 = Release|Any CPU
		{8DA37701-B7AC-48EA-B2E6-48A30C25582A}.Debug|Any CPU.ActiveCfg = Debug|Any CPU
		{8DA37701-B7AC-48EA-B2E6-48A30C25582A}.Debug|Any CPU.Build.0 = Debug|Any CPU
		{8DA37701-B7AC-48EA-B2E6-48A30C25582A}.Debug|x64.ActiveCfg = Debug|Any CPU
		{8DA37701-B7AC-48EA-B2E6-48A30C25582A}.Debug|x64.Build.0 = Debug|Any CPU
		{8DA37701-B7AC-48EA-B2E6-48A30C25582A}.Debug|x86.ActiveCfg = Debug|Any CPU
		{8DA37701-B7AC-48EA-B2E6-48A30C25582A}.Debug|x86.Build.0 = Debug|Any CPU
		{8DA37701-B7AC-48EA-B2E6-48A30C25582A}.Release|Any CPU.ActiveCfg = Release|Any CPU
		{8DA37701-B7AC-48EA-B2E6-48A30C25582A}.Release|Any CPU.Build.0 = Release|Any CPU
		{8DA37701-B7AC-48EA-B2E6-48A30C25582A}.Release|x64.ActiveCfg = Release|Any CPU
		{8DA37701-B7AC-48EA-B2E6-48A30C25582A}.Release|x64.Build.0 = Release|Any CPU
		{8DA37701-B7AC-48EA-B2E6-48A30C25582A}.Release|x86.ActiveCfg = Release|Any CPU
		{8DA37701-B7AC-48EA-B2E6-48A30C25582A}.Release|x86.Build.0 = Release|Any CPU
		{9ADBECF9-5427-42EA-9C24-22606644CEBB}.Debug|Any CPU.ActiveCfg = Debug|Any CPU
		{9ADBECF9-5427-42EA-9C24-22606644CEBB}.Debug|Any CPU.Build.0 = Debug|Any CPU
		{9ADBECF9-5427-42EA-9C24-22606644CEBB}.Debug|x64.ActiveCfg = Debug|Any CPU
		{9ADBECF9-5427-42EA-9C24-22606644CEBB}.Debug|x64.Build.0 = Debug|Any CPU
		{9ADBECF9-5427-42EA-9C24-22606644CEBB}.Debug|x86.ActiveCfg = Debug|Any CPU
		{9ADBECF9-5427-42EA-9C24-22606644CEBB}.Debug|x86.Build.0 = Debug|Any CPU
		{9ADBECF9-5427-42EA-9C24-22606644CEBB}.Release|Any CPU.ActiveCfg = Release|Any CPU
		{9ADBECF9-5427-42EA-9C24-22606644CEBB}.Release|Any CPU.Build.0 = Release|Any CPU
		{9ADBECF9-5427-42EA-9C24-22606644CEBB}.Release|x64.ActiveCfg = Release|Any CPU
		{9ADBECF9-5427-42EA-9C24-22606644CEBB}.Release|x64.Build.0 = Release|Any CPU
		{9ADBECF9-5427-42EA-9C24-22606644CEBB}.Release|x86.ActiveCfg = Release|Any CPU
		{9ADBECF9-5427-42EA-9C24-22606644CEBB}.Release|x86.Build.0 = Release|Any CPU
		{71E7E7BE-6EED-4B7A-A639-41FE979CCCBC}.Debug|Any CPU.ActiveCfg = Debug|Any CPU
		{71E7E7BE-6EED-4B7A-A639-41FE979CCCBC}.Debug|Any CPU.Build.0 = Debug|Any CPU
		{71E7E7BE-6EED-4B7A-A639-41FE979CCCBC}.Debug|x64.ActiveCfg = Debug|Any CPU
		{71E7E7BE-6EED-4B7A-A639-41FE979CCCBC}.Debug|x64.Build.0 = Debug|Any CPU
		{71E7E7BE-6EED-4B7A-A639-41FE979CCCBC}.Debug|x86.ActiveCfg = Debug|Any CPU
		{71E7E7BE-6EED-4B7A-A639-41FE979CCCBC}.Debug|x86.Build.0 = Debug|Any CPU
		{71E7E7BE-6EED-4B7A-A639-41FE979CCCBC}.Release|Any CPU.ActiveCfg = Release|Any CPU
		{71E7E7BE-6EED-4B7A-A639-41FE979CCCBC}.Release|Any CPU.Build.0 = Release|Any CPU
		{71E7E7BE-6EED-4B7A-A639-41FE979CCCBC}.Release|x64.ActiveCfg = Release|Any CPU
		{71E7E7BE-6EED-4B7A-A639-41FE979CCCBC}.Release|x64.Build.0 = Release|Any CPU
		{71E7E7BE-6EED-4B7A-A639-41FE979CCCBC}.Release|x86.ActiveCfg = Release|Any CPU
		{71E7E7BE-6EED-4B7A-A639-41FE979CCCBC}.Release|x86.Build.0 = Release|Any CPU
		{155EF4F3-149D-4003-9429-EDE877AA3B9B}.Debug|Any CPU.ActiveCfg = Debug|Any CPU
		{155EF4F3-149D-4003-9429-EDE877AA3B9B}.Debug|Any CPU.Build.0 = Debug|Any CPU
		{155EF4F3-149D-4003-9429-EDE877AA3B9B}.Debug|x64.ActiveCfg = Debug|Any CPU
		{155EF4F3-149D-4003-9429-EDE877AA3B9B}.Debug|x64.Build.0 = Debug|Any CPU
		{155EF4F3-149D-4003-9429-EDE877AA3B9B}.Debug|x86.ActiveCfg = Debug|Any CPU
		{155EF4F3-149D-4003-9429-EDE877AA3B9B}.Debug|x86.Build.0 = Debug|Any CPU
		{155EF4F3-149D-4003-9429-EDE877AA3B9B}.Release|Any CPU.ActiveCfg = Release|Any CPU
		{155EF4F3-149D-4003-9429-EDE877AA3B9B}.Release|Any CPU.Build.0 = Release|Any CPU
		{155EF4F3-149D-4003-9429-EDE877AA3B9B}.Release|x64.ActiveCfg = Release|Any CPU
		{155EF4F3-149D-4003-9429-EDE877AA3B9B}.Release|x64.Build.0 = Release|Any CPU
		{155EF4F3-149D-4003-9429-EDE877AA3B9B}.Release|x86.ActiveCfg = Release|Any CPU
		{155EF4F3-149D-4003-9429-EDE877AA3B9B}.Release|x86.Build.0 = Release|Any CPU
		{FBA0B7BC-98C8-4699-862F-3C66015D6DE9}.Debug|Any CPU.ActiveCfg = Debug|Any CPU
		{FBA0B7BC-98C8-4699-862F-3C66015D6DE9}.Debug|Any CPU.Build.0 = Debug|Any CPU
		{FBA0B7BC-98C8-4699-862F-3C66015D6DE9}.Debug|x64.ActiveCfg = Debug|Any CPU
		{FBA0B7BC-98C8-4699-862F-3C66015D6DE9}.Debug|x64.Build.0 = Debug|Any CPU
		{FBA0B7BC-98C8-4699-862F-3C66015D6DE9}.Debug|x86.ActiveCfg = Debug|Any CPU
		{FBA0B7BC-98C8-4699-862F-3C66015D6DE9}.Debug|x86.Build.0 = Debug|Any CPU
		{FBA0B7BC-98C8-4699-862F-3C66015D6DE9}.Release|Any CPU.ActiveCfg = Release|Any CPU
		{FBA0B7BC-98C8-4699-862F-3C66015D6DE9}.Release|Any CPU.Build.0 = Release|Any CPU
		{FBA0B7BC-98C8-4699-862F-3C66015D6DE9}.Release|x64.ActiveCfg = Release|Any CPU
		{FBA0B7BC-98C8-4699-862F-3C66015D6DE9}.Release|x64.Build.0 = Release|Any CPU
		{FBA0B7BC-98C8-4699-862F-3C66015D6DE9}.Release|x86.ActiveCfg = Release|Any CPU
		{FBA0B7BC-98C8-4699-862F-3C66015D6DE9}.Release|x86.Build.0 = Release|Any CPU
		{B61CAD40-BB00-473A-B18B-56EFC445DEDA}.Debug|Any CPU.ActiveCfg = Debug|Any CPU
		{B61CAD40-BB00-473A-B18B-56EFC445DEDA}.Debug|Any CPU.Build.0 = Debug|Any CPU
		{B61CAD40-BB00-473A-B18B-56EFC445DEDA}.Debug|x64.ActiveCfg = Debug|Any CPU
		{B61CAD40-BB00-473A-B18B-56EFC445DEDA}.Debug|x64.Build.0 = Debug|Any CPU
		{B61CAD40-BB00-473A-B18B-56EFC445DEDA}.Debug|x86.ActiveCfg = Debug|Any CPU
		{B61CAD40-BB00-473A-B18B-56EFC445DEDA}.Debug|x86.Build.0 = Debug|Any CPU
		{B61CAD40-BB00-473A-B18B-56EFC445DEDA}.Release|Any CPU.ActiveCfg = Release|Any CPU
		{B61CAD40-BB00-473A-B18B-56EFC445DEDA}.Release|Any CPU.Build.0 = Release|Any CPU
		{B61CAD40-BB00-473A-B18B-56EFC445DEDA}.Release|x64.ActiveCfg = Release|Any CPU
		{B61CAD40-BB00-473A-B18B-56EFC445DEDA}.Release|x64.Build.0 = Release|Any CPU
		{B61CAD40-BB00-473A-B18B-56EFC445DEDA}.Release|x86.ActiveCfg = Release|Any CPU
		{B61CAD40-BB00-473A-B18B-56EFC445DEDA}.Release|x86.Build.0 = Release|Any CPU
		{A51E253B-7BED-4123-A18F-D1D807B2BFC7}.Debug|Any CPU.ActiveCfg = Debug|Any CPU
		{A51E253B-7BED-4123-A18F-D1D807B2BFC7}.Debug|Any CPU.Build.0 = Debug|Any CPU
		{A51E253B-7BED-4123-A18F-D1D807B2BFC7}.Debug|x64.ActiveCfg = Debug|Any CPU
		{A51E253B-7BED-4123-A18F-D1D807B2BFC7}.Debug|x64.Build.0 = Debug|Any CPU
		{A51E253B-7BED-4123-A18F-D1D807B2BFC7}.Debug|x86.ActiveCfg = Debug|Any CPU
		{A51E253B-7BED-4123-A18F-D1D807B2BFC7}.Debug|x86.Build.0 = Debug|Any CPU
		{A51E253B-7BED-4123-A18F-D1D807B2BFC7}.Release|Any CPU.ActiveCfg = Release|Any CPU
		{A51E253B-7BED-4123-A18F-D1D807B2BFC7}.Release|Any CPU.Build.0 = Release|Any CPU
		{A51E253B-7BED-4123-A18F-D1D807B2BFC7}.Release|x64.ActiveCfg = Release|Any CPU
		{A51E253B-7BED-4123-A18F-D1D807B2BFC7}.Release|x64.Build.0 = Release|Any CPU
		{A51E253B-7BED-4123-A18F-D1D807B2BFC7}.Release|x86.ActiveCfg = Release|Any CPU
		{A51E253B-7BED-4123-A18F-D1D807B2BFC7}.Release|x86.Build.0 = Release|Any CPU
		{540F57BB-F8EA-473D-B2A2-689BCFE1E840}.Debug|Any CPU.ActiveCfg = Debug|Any CPU
		{540F57BB-F8EA-473D-B2A2-689BCFE1E840}.Debug|Any CPU.Build.0 = Debug|Any CPU
		{540F57BB-F8EA-473D-B2A2-689BCFE1E840}.Debug|x64.ActiveCfg = Debug|Any CPU
		{540F57BB-F8EA-473D-B2A2-689BCFE1E840}.Debug|x64.Build.0 = Debug|Any CPU
		{540F57BB-F8EA-473D-B2A2-689BCFE1E840}.Debug|x86.ActiveCfg = Debug|Any CPU
		{540F57BB-F8EA-473D-B2A2-689BCFE1E840}.Debug|x86.Build.0 = Debug|Any CPU
		{540F57BB-F8EA-473D-B2A2-689BCFE1E840}.Release|Any CPU.ActiveCfg = Release|Any CPU
		{540F57BB-F8EA-473D-B2A2-689BCFE1E840}.Release|Any CPU.Build.0 = Release|Any CPU
		{540F57BB-F8EA-473D-B2A2-689BCFE1E840}.Release|x64.ActiveCfg = Release|Any CPU
		{540F57BB-F8EA-473D-B2A2-689BCFE1E840}.Release|x64.Build.0 = Release|Any CPU
		{540F57BB-F8EA-473D-B2A2-689BCFE1E840}.Release|x86.ActiveCfg = Release|Any CPU
		{540F57BB-F8EA-473D-B2A2-689BCFE1E840}.Release|x86.Build.0 = Release|Any CPU
		{0401735B-B18F-4F85-B94D-31FA4FFB41DB}.Debug|Any CPU.ActiveCfg = Debug|Any CPU
		{0401735B-B18F-4F85-B94D-31FA4FFB41DB}.Debug|Any CPU.Build.0 = Debug|Any CPU
		{0401735B-B18F-4F85-B94D-31FA4FFB41DB}.Debug|x64.ActiveCfg = Debug|Any CPU
		{0401735B-B18F-4F85-B94D-31FA4FFB41DB}.Debug|x64.Build.0 = Debug|Any CPU
		{0401735B-B18F-4F85-B94D-31FA4FFB41DB}.Debug|x86.ActiveCfg = Debug|Any CPU
		{0401735B-B18F-4F85-B94D-31FA4FFB41DB}.Debug|x86.Build.0 = Debug|Any CPU
		{0401735B-B18F-4F85-B94D-31FA4FFB41DB}.Release|Any CPU.ActiveCfg = Release|Any CPU
		{0401735B-B18F-4F85-B94D-31FA4FFB41DB}.Release|Any CPU.Build.0 = Release|Any CPU
		{0401735B-B18F-4F85-B94D-31FA4FFB41DB}.Release|x64.ActiveCfg = Release|Any CPU
		{0401735B-B18F-4F85-B94D-31FA4FFB41DB}.Release|x64.Build.0 = Release|Any CPU
		{0401735B-B18F-4F85-B94D-31FA4FFB41DB}.Release|x86.ActiveCfg = Release|Any CPU
		{0401735B-B18F-4F85-B94D-31FA4FFB41DB}.Release|x86.Build.0 = Release|Any CPU
		{7B546458-70A7-467B-8645-DFF8214AA37F}.Debug|Any CPU.ActiveCfg = Debug|Any CPU
		{7B546458-70A7-467B-8645-DFF8214AA37F}.Debug|Any CPU.Build.0 = Debug|Any CPU
		{7B546458-70A7-467B-8645-DFF8214AA37F}.Debug|x64.ActiveCfg = Debug|Any CPU
		{7B546458-70A7-467B-8645-DFF8214AA37F}.Debug|x64.Build.0 = Debug|Any CPU
		{7B546458-70A7-467B-8645-DFF8214AA37F}.Debug|x86.ActiveCfg = Debug|Any CPU
		{7B546458-70A7-467B-8645-DFF8214AA37F}.Debug|x86.Build.0 = Debug|Any CPU
		{7B546458-70A7-467B-8645-DFF8214AA37F}.Release|Any CPU.ActiveCfg = Release|Any CPU
		{7B546458-70A7-467B-8645-DFF8214AA37F}.Release|Any CPU.Build.0 = Release|Any CPU
		{7B546458-70A7-467B-8645-DFF8214AA37F}.Release|x64.ActiveCfg = Release|Any CPU
		{7B546458-70A7-467B-8645-DFF8214AA37F}.Release|x64.Build.0 = Release|Any CPU
		{7B546458-70A7-467B-8645-DFF8214AA37F}.Release|x86.ActiveCfg = Release|Any CPU
		{7B546458-70A7-467B-8645-DFF8214AA37F}.Release|x86.Build.0 = Release|Any CPU
		{12EFE4AF-0343-47A6-9894-437382BB65D4}.Debug|Any CPU.ActiveCfg = Debug|Any CPU
		{12EFE4AF-0343-47A6-9894-437382BB65D4}.Debug|Any CPU.Build.0 = Debug|Any CPU
		{12EFE4AF-0343-47A6-9894-437382BB65D4}.Debug|x64.ActiveCfg = Debug|Any CPU
		{12EFE4AF-0343-47A6-9894-437382BB65D4}.Debug|x64.Build.0 = Debug|Any CPU
		{12EFE4AF-0343-47A6-9894-437382BB65D4}.Debug|x86.ActiveCfg = Debug|Any CPU
		{12EFE4AF-0343-47A6-9894-437382BB65D4}.Debug|x86.Build.0 = Debug|Any CPU
		{12EFE4AF-0343-47A6-9894-437382BB65D4}.Release|Any CPU.ActiveCfg = Release|Any CPU
		{12EFE4AF-0343-47A6-9894-437382BB65D4}.Release|Any CPU.Build.0 = Release|Any CPU
		{12EFE4AF-0343-47A6-9894-437382BB65D4}.Release|x64.ActiveCfg = Release|Any CPU
		{12EFE4AF-0343-47A6-9894-437382BB65D4}.Release|x64.Build.0 = Release|Any CPU
		{12EFE4AF-0343-47A6-9894-437382BB65D4}.Release|x86.ActiveCfg = Release|Any CPU
		{12EFE4AF-0343-47A6-9894-437382BB65D4}.Release|x86.Build.0 = Release|Any CPU
		{C54E2F36-F1C1-4E73-BF30-07DD4299BD54}.Debug|Any CPU.ActiveCfg = Debug|Any CPU
		{C54E2F36-F1C1-4E73-BF30-07DD4299BD54}.Debug|Any CPU.Build.0 = Debug|Any CPU
		{C54E2F36-F1C1-4E73-BF30-07DD4299BD54}.Debug|x64.ActiveCfg = Debug|Any CPU
		{C54E2F36-F1C1-4E73-BF30-07DD4299BD54}.Debug|x64.Build.0 = Debug|Any CPU
		{C54E2F36-F1C1-4E73-BF30-07DD4299BD54}.Debug|x86.ActiveCfg = Debug|Any CPU
		{C54E2F36-F1C1-4E73-BF30-07DD4299BD54}.Debug|x86.Build.0 = Debug|Any CPU
		{C54E2F36-F1C1-4E73-BF30-07DD4299BD54}.Release|Any CPU.ActiveCfg = Release|Any CPU
		{C54E2F36-F1C1-4E73-BF30-07DD4299BD54}.Release|Any CPU.Build.0 = Release|Any CPU
		{C54E2F36-F1C1-4E73-BF30-07DD4299BD54}.Release|x64.ActiveCfg = Release|Any CPU
		{C54E2F36-F1C1-4E73-BF30-07DD4299BD54}.Release|x64.Build.0 = Release|Any CPU
		{C54E2F36-F1C1-4E73-BF30-07DD4299BD54}.Release|x86.ActiveCfg = Release|Any CPU
		{C54E2F36-F1C1-4E73-BF30-07DD4299BD54}.Release|x86.Build.0 = Release|Any CPU
		{06D65C12-A17A-407B-8B97-B45F203E71C9}.Debug|Any CPU.ActiveCfg = Debug|Any CPU
		{06D65C12-A17A-407B-8B97-B45F203E71C9}.Debug|Any CPU.Build.0 = Debug|Any CPU
		{06D65C12-A17A-407B-8B97-B45F203E71C9}.Debug|x64.ActiveCfg = Debug|Any CPU
		{06D65C12-A17A-407B-8B97-B45F203E71C9}.Debug|x64.Build.0 = Debug|Any CPU
		{06D65C12-A17A-407B-8B97-B45F203E71C9}.Debug|x86.ActiveCfg = Debug|Any CPU
		{06D65C12-A17A-407B-8B97-B45F203E71C9}.Debug|x86.Build.0 = Debug|Any CPU
		{06D65C12-A17A-407B-8B97-B45F203E71C9}.Release|Any CPU.ActiveCfg = Release|Any CPU
		{06D65C12-A17A-407B-8B97-B45F203E71C9}.Release|Any CPU.Build.0 = Release|Any CPU
		{06D65C12-A17A-407B-8B97-B45F203E71C9}.Release|x64.ActiveCfg = Release|Any CPU
		{06D65C12-A17A-407B-8B97-B45F203E71C9}.Release|x64.Build.0 = Release|Any CPU
		{06D65C12-A17A-407B-8B97-B45F203E71C9}.Release|x86.ActiveCfg = Release|Any CPU
		{06D65C12-A17A-407B-8B97-B45F203E71C9}.Release|x86.Build.0 = Release|Any CPU
	EndGlobalSection
	GlobalSection(SolutionProperties) = preSolution
		HideSolutionNode = FALSE
	EndGlobalSection
	GlobalSection(NestedProjects) = preSolution
		{B7B77703-4789-4504-BADF-CE38B90EB44B} = {05371B02-CE46-494C-89EE-34F2786B3075}
		{A5973DA7-E984-40DA-8884-7B9F589797FD} = {05371B02-CE46-494C-89EE-34F2786B3075}
		{15841A15-A8FB-4657-9D47-B014D9135750} = {05371B02-CE46-494C-89EE-34F2786B3075}
		{1153C676-EF21-4FE7-87C6-7E3695222B04} = {05371B02-CE46-494C-89EE-34F2786B3075}
		{43875372-EF26-4875-B810-EF8C92C4D341} = {05371B02-CE46-494C-89EE-34F2786B3075}
		{8DA37701-B7AC-48EA-B2E6-48A30C25582A} = {05371B02-CE46-494C-89EE-34F2786B3075}
		{9ADBECF9-5427-42EA-9C24-22606644CEBB} = {05371B02-CE46-494C-89EE-34F2786B3075}
		{71E7E7BE-6EED-4B7A-A639-41FE979CCCBC} = {05371B02-CE46-494C-89EE-34F2786B3075}
		{155EF4F3-149D-4003-9429-EDE877AA3B9B} = {05371B02-CE46-494C-89EE-34F2786B3075}
		{FBA0B7BC-98C8-4699-862F-3C66015D6DE9} = {05371B02-CE46-494C-89EE-34F2786B3075}
		{B61CAD40-BB00-473A-B18B-56EFC445DEDA} = {05371B02-CE46-494C-89EE-34F2786B3075}
		{A51E253B-7BED-4123-A18F-D1D807B2BFC7} = {05371B02-CE46-494C-89EE-34F2786B3075}
		{540F57BB-F8EA-473D-B2A2-689BCFE1E840} = {05371B02-CE46-494C-89EE-34F2786B3075}
		{0401735B-B18F-4F85-B94D-31FA4FFB41DB} = {05371B02-CE46-494C-89EE-34F2786B3075}
		{7B546458-70A7-467B-8645-DFF8214AA37F} = {05371B02-CE46-494C-89EE-34F2786B3075}
		{12EFE4AF-0343-47A6-9894-437382BB65D4} = {05371B02-CE46-494C-89EE-34F2786B3075}
		{C54E2F36-F1C1-4E73-BF30-07DD4299BD54} = {05371B02-CE46-494C-89EE-34F2786B3075}
		{06D65C12-A17A-407B-8B97-B45F203E71C9} = {05371B02-CE46-494C-89EE-34F2786B3075}
	EndGlobalSection
	GlobalSection(ExtensibilityGlobals) = postSolution
		SolutionGuid = {D38BA80E-8687-4493-8CFD-27CAF8D218E4}
	EndGlobalSection
EndGlobal
